<Solution>
  <Folder Name="/sandbox/" />
  <Folder Name="/sandbox/elk/">
    <File Path="sandbox/elk/category_index.json" />
    <File Path="sandbox/elk/docker-compose.yml" />
    <File Path="sandbox/elk/genre_index.json" />
  </Folder>
  <Folder Name="/sandbox/kafka/">
    <File Path="sandbox/kafka/docker-compose.yml" />
    <File Path="sandbox/kafka/kafka-connect.http" />
  </Folder>
  <Folder Name="/src/">
    <Project Path="src/Codeflix.Catalog.Api/Codeflix.Catalog.Api.csproj" />
    <Project Path="src/Codeflix.Catalog.Application/Codeflix.Catalog.Application.csproj" />
    <Project Path="src/Codeflix.Catalog.Domain/Codeflix.Catalog.Domain.csproj" />
    <Project Path="src/Codeflix.Catalog.Infra.Data.ES/Codeflix.Catalog.Infra.Data.ES.csproj" />
    <Project Path="src/Codeflix.Catalog.Infra.Messaging/Codeflix.Catalog.Infra.Messaging.csproj" />
  </Folder>
  <Folder Name="/tests/">
    <Project Path="tests/Codeflix.Catalog.E2ETests/Codeflix.Catalog.E2ETests.csproj" />
    <Project Path="tests/Codeflix.Catalog.IntegrationTests/Codeflix.Catalog.IntegrationTests.csproj" />
    <Project Path="tests/Codeflix.Catalog.Tests.Shared/Codeflix.Catalog.Tests.Shared.csproj" />
    <Project Path="tests/Codeflix.Catalog.UnitTest/Codeflix.Catalog.UnitTests.csproj" />
  </Folder>
</Solution>
