
Microsoft Visual Studio Solution File, Format Version 12.00
# Visual Studio Version 17
VisualStudioVersion = 17.0.31903.59
MinimumVisualStudioVersion = 10.0.40219.1
Project("{2150E333-8FDC-42A3-9474-1A3956D46DE8}") = "src", "src", "{02EA681E-C7D8-13C7-8484-4AC65E1B71E8}"
EndProject
Project("{2150E333-8FDC-42A3-9474-1A3956D46DE8}") = "tests", "tests", "{D2BCB545-0FB1-44B6-84AE-FC9373691DF8}"
EndProject
Project("{FAE04EC0-301F-11D3-BF4B-00C04F79EFBC}") = "FC.Codeflix.Catalog.Domain", "src\FC.Codeflix.Catalog.Domain\FC.Codeflix.Catalog.Domain.csproj", "{FA2BE901-D0FB-4A22-BE4F-02E24BDDA26C}"
EndProject
Project("{FAE04EC0-301F-11D3-BF4B-00C04F79EFBC}") = "FC.Codeflix.Catalog.UnitTests", "tests\FC.Codeflix.Catalog.UnitTest\FC.Codeflix.Catalog.UnitTests.csproj", "{794572CD-B21D-4E3F-B5A9-A792730453A2}"
EndProject
Project("{FAE04EC0-301F-11D3-BF4B-00C04F79EFBC}") = "FC.Codeflix.Catalog.Application", "src\FC.Codeflix.Catalog.Application\FC.Codeflix.Catalog.Application.csproj", "{D4BACF1A-10CF-4A45-AC88-1B1879BDB003}"
EndProject
Project("{2150E333-8FDC-42A3-9474-1A3956D46DE8}") = "sandbox", "sandbox", "{8EC462FD-D22E-90A8-E5CE-7E832BA40C5D}"
EndProject
Project("{FAE04EC0-301F-11D3-BF4B-00C04F79EFBC}") = "FC.Codeflix.Catalog.Infra.Data.ES", "src\FC.Codeflix.Catalog.Infra.Data.ES\FC.Codeflix.Catalog.Infra.Data.ES.csproj", "{46F3E0A6-6202-44F3-85DF-EC366A6AED09}"
EndProject
Project("{FAE04EC0-301F-11D3-BF4B-00C04F79EFBC}") = "FC.Codeflix.Catalog.IntegrationTests", "tests\FC.Codeflix.Catalog.IntegrationTests\FC.Codeflix.Catalog.IntegrationTests.csproj", "{09497F29-09FB-442A-9CBD-EE5BAA0D05B7}"
EndProject
Project("{FAE04EC0-301F-11D3-BF4B-00C04F79EFBC}") = "FC.Codeflix.Catalog.Api", "src\FC.Codeflix.Catalog.Api\FC.Codeflix.Catalog.Api.csproj", "{7B72BE9A-3531-4D5E-BC89-961EC7020A5E}"
EndProject
Project("{FAE04EC0-301F-11D3-BF4B-00C04F79EFBC}") = "FC.Codeflix.Catalog.E2ETests", "tests\FC.Codeflix.Catalog.E2ETests\FC.Codeflix.Catalog.E2ETests.csproj", "{30E7CD82-C803-4184-AA96-158DB194AA68}"
EndProject
Project("{FAE04EC0-301F-11D3-BF4B-00C04F79EFBC}") = "FC.Codeflix.Catalog.Tests.Shared", "tests\FC.Codeflix.Catalog.Tests.Shared\FC.Codeflix.Catalog.Tests.Shared.csproj", "{3B4566D0-7C47-4F2B-BD65-F061C1D41BD9}"
EndProject
Project("{2150E333-8FDC-42A3-9474-1A3956D46DE8}") = "elk", "elk", "{833F9C60-BA96-4C87-91BD-12A4D31E8313}"
	ProjectSection(SolutionItems) = preProject
		sandbox\elk\category_index.json = sandbox\elk\category_index.json
		sandbox\elk\docker-compose.yml = sandbox\elk\docker-compose.yml
	EndProjectSection
EndProject
Project("{2150E333-8FDC-42A3-9474-1A3956D46DE8}") = "kafka", "kafka", "{8625B388-7C61-440A-B2CD-B32B1EF25E27}"
	ProjectSection(SolutionItems) = preProject
		sandbox\kafka\docker-compose.yml = sandbox\kafka\docker-compose.yml
	EndProjectSection
EndProject
Global
	GlobalSection(SolutionConfigurationPlatforms) = preSolution
		Debug|Any CPU = Debug|Any CPU
		Release|Any CPU = Release|Any CPU
	EndGlobalSection
	GlobalSection(ProjectConfigurationPlatforms) = postSolution
		{FA2BE901-D0FB-4A22-BE4F-02E24BDDA26C}.Debug|Any CPU.ActiveCfg = Debug|Any CPU
		{FA2BE901-D0FB-4A22-BE4F-02E24BDDA26C}.Debug|Any CPU.Build.0 = Debug|Any CPU
		{FA2BE901-D0FB-4A22-BE4F-02E24BDDA26C}.Release|Any CPU.ActiveCfg = Release|Any CPU
		{FA2BE901-D0FB-4A22-BE4F-02E24BDDA26C}.Release|Any CPU.Build.0 = Release|Any CPU
		{794572CD-B21D-4E3F-B5A9-A792730453A2}.Debug|Any CPU.ActiveCfg = Debug|Any CPU
		{794572CD-B21D-4E3F-B5A9-A792730453A2}.Debug|Any CPU.Build.0 = Debug|Any CPU
		{794572CD-B21D-4E3F-B5A9-A792730453A2}.Release|Any CPU.ActiveCfg = Release|Any CPU
		{794572CD-B21D-4E3F-B5A9-A792730453A2}.Release|Any CPU.Build.0 = Release|Any CPU
		{D4BACF1A-10CF-4A45-AC88-1B1879BDB003}.Debug|Any CPU.ActiveCfg = Debug|Any CPU
		{D4BACF1A-10CF-4A45-AC88-1B1879BDB003}.Debug|Any CPU.Build.0 = Debug|Any CPU
		{D4BACF1A-10CF-4A45-AC88-1B1879BDB003}.Release|Any CPU.ActiveCfg = Release|Any CPU
		{D4BACF1A-10CF-4A45-AC88-1B1879BDB003}.Release|Any CPU.Build.0 = Release|Any CPU
		{46F3E0A6-6202-44F3-85DF-EC366A6AED09}.Debug|Any CPU.ActiveCfg = Debug|Any CPU
		{46F3E0A6-6202-44F3-85DF-EC366A6AED09}.Debug|Any CPU.Build.0 = Debug|Any CPU
		{46F3E0A6-6202-44F3-85DF-EC366A6AED09}.Release|Any CPU.ActiveCfg = Release|Any CPU
		{46F3E0A6-6202-44F3-85DF-EC366A6AED09}.Release|Any CPU.Build.0 = Release|Any CPU
		{09497F29-09FB-442A-9CBD-EE5BAA0D05B7}.Debug|Any CPU.ActiveCfg = Debug|Any CPU
		{09497F29-09FB-442A-9CBD-EE5BAA0D05B7}.Debug|Any CPU.Build.0 = Debug|Any CPU
		{09497F29-09FB-442A-9CBD-EE5BAA0D05B7}.Release|Any CPU.ActiveCfg = Release|Any CPU
		{09497F29-09FB-442A-9CBD-EE5BAA0D05B7}.Release|Any CPU.Build.0 = Release|Any CPU
		{7B72BE9A-3531-4D5E-BC89-961EC7020A5E}.Debug|Any CPU.ActiveCfg = Debug|Any CPU
		{7B72BE9A-3531-4D5E-BC89-961EC7020A5E}.Debug|Any CPU.Build.0 = Debug|Any CPU
		{7B72BE9A-3531-4D5E-BC89-961EC7020A5E}.Release|Any CPU.ActiveCfg = Release|Any CPU
		{7B72BE9A-3531-4D5E-BC89-961EC7020A5E}.Release|Any CPU.Build.0 = Release|Any CPU
		{30E7CD82-C803-4184-AA96-158DB194AA68}.Debug|Any CPU.ActiveCfg = Debug|Any CPU
		{30E7CD82-C803-4184-AA96-158DB194AA68}.Debug|Any CPU.Build.0 = Debug|Any CPU
		{30E7CD82-C803-4184-AA96-158DB194AA68}.Release|Any CPU.ActiveCfg = Release|Any CPU
		{30E7CD82-C803-4184-AA96-158DB194AA68}.Release|Any CPU.Build.0 = Release|Any CPU
		{3B4566D0-7C47-4F2B-BD65-F061C1D41BD9}.Debug|Any CPU.ActiveCfg = Debug|Any CPU
		{3B4566D0-7C47-4F2B-BD65-F061C1D41BD9}.Debug|Any CPU.Build.0 = Debug|Any CPU
		{3B4566D0-7C47-4F2B-BD65-F061C1D41BD9}.Release|Any CPU.ActiveCfg = Release|Any CPU
		{3B4566D0-7C47-4F2B-BD65-F061C1D41BD9}.Release|Any CPU.Build.0 = Release|Any CPU
	EndGlobalSection
	GlobalSection(SolutionProperties) = preSolution
		HideSolutionNode = FALSE
	EndGlobalSection
	GlobalSection(NestedProjects) = preSolution
		{FA2BE901-D0FB-4A22-BE4F-02E24BDDA26C} = {02EA681E-C7D8-13C7-8484-4AC65E1B71E8}
		{794572CD-B21D-4E3F-B5A9-A792730453A2} = {D2BCB545-0FB1-44B6-84AE-FC9373691DF8}
		{D4BACF1A-10CF-4A45-AC88-1B1879BDB003} = {02EA681E-C7D8-13C7-8484-4AC65E1B71E8}
		{46F3E0A6-6202-44F3-85DF-EC366A6AED09} = {02EA681E-C7D8-13C7-8484-4AC65E1B71E8}
		{09497F29-09FB-442A-9CBD-EE5BAA0D05B7} = {D2BCB545-0FB1-44B6-84AE-FC9373691DF8}
		{7B72BE9A-3531-4D5E-BC89-961EC7020A5E} = {02EA681E-C7D8-13C7-8484-4AC65E1B71E8}
		{30E7CD82-C803-4184-AA96-158DB194AA68} = {D2BCB545-0FB1-44B6-84AE-FC9373691DF8}
		{3B4566D0-7C47-4F2B-BD65-F061C1D41BD9} = {D2BCB545-0FB1-44B6-84AE-FC9373691DF8}
		{833F9C60-BA96-4C87-91BD-12A4D31E8313} = {8EC462FD-D22E-90A8-E5CE-7E832BA40C5D}
		{8625B388-7C61-440A-B2CD-B32B1EF25E27} = {8EC462FD-D22E-90A8-E5CE-7E832BA40C5D}
	EndGlobalSection
	GlobalSection(ExtensibilityGlobals) = postSolution
		SolutionGuid = {B8498DE8-0BC4-4637-A3DE-7436BBBFC8B1}
	EndGlobalSection
EndGlobal
